// !$*UTF8*$!
{
	archiveVersion = 1;
	classes = {
	};
	objectVersion = 56;
	objects = {

/* Begin PBXBuildFile section */
		CD0FE3FA2A8E4DFE00A7AD7E /* RewardsModel.swift in Sources */ = {isa = PBXBuildFile; fileRef = CD0FE3F92A8E4DFE00A7AD7E /* RewardsModel.swift */; };
		CD0FE3FC2A8E4E0D00A7AD7E /* RewardsViewModel.swift in Sources */ = {isa = PBXBuildFile; fileRef = CD0FE3FB2A8E4E0D00A7AD7E /* RewardsViewModel.swift */; };
		CD0FE3FF2A8E4E7600A7AD7E /* RewardsCardTemplates.swift in Sources */ = {isa = PBXBuildFile; fileRef = CD0FE3FE2A8E4E7600A7AD7E /* RewardsCardTemplates.swift */; };
		CDC3899B2A8E451000248DAC /* ExploreVoucherCVC.xib in Resources */ = {isa = PBXBuildFile; fileRef = CDC3899A2A8E451000248DAC /* ExploreVoucherCVC.xib */; };
		CDC3899D2A8E454F00248DAC /* ExploreVoucherCVC.swift in Sources */ = {isa = PBXBuildFile; fileRef = CDC3899C2A8E454F00248DAC /* ExploreVoucherCVC.swift */; };
		CDEE568A2A8F3BDD0032DC35 /* ExploreVoucherTVC.xib in Resources */ = {isa = PBXBuildFile; fileRef = CDEE56892A8F3BDD0032DC35 /* ExploreVoucherTVC.xib */; };
		CDEE568C2A8F3D7B0032DC35 /* ExploreVoucherTVC.swift in Sources */ = {isa = PBXBuildFile; fileRef = CDEE568B2A8F3D7B0032DC35 /* ExploreVoucherTVC.swift */; };
		CDEE56902A8F3F530032DC35 /* ExploreVoucherModel.swift in Sources */ = {isa = PBXBuildFile; fileRef = CDEE568F2A8F3F530032DC35 /* ExploreVoucherModel.swift */; };
		CDEE56922A8F6C150032DC35 /* DealsTVC.xib in Resources */ = {isa = PBXBuildFile; fileRef = CDEE56912A8F6C150032DC35 /* DealsTVC.xib */; };
		CDEE56942A8F6C400032DC35 /* DealsTVC.swift in Sources */ = {isa = PBXBuildFile; fileRef = CDEE56932A8F6C400032DC35 /* DealsTVC.swift */; };
		CDEE56962A8F6D200032DC35 /* FeaturedDealsModel.swift in Sources */ = {isa = PBXBuildFile; fileRef = CDEE56952A8F6D200032DC35 /* FeaturedDealsModel.swift */; };
		CDEE56982A8F70190032DC35 /* DealsCVC.swift in Sources */ = {isa = PBXBuildFile; fileRef = CDEE56972A8F70190032DC35 /* DealsCVC.swift */; };
		CDEE569A2A8F70240032DC35 /* DealsCVC.xib in Resources */ = {isa = PBXBuildFile; fileRef = CDEE56992A8F70240032DC35 /* DealsCVC.xib */; };
		CDEE569C2A8F9E170032DC35 /* CashTransferTVC.xib in Resources */ = {isa = PBXBuildFile; fileRef = CDEE569B2A8F9E170032DC35 /* CashTransferTVC.xib */; };
		CDEE569E2A8F9E3D0032DC35 /* CashTransferTVC.swift in Sources */ = {isa = PBXBuildFile; fileRef = CDEE569D2A8F9E3D0032DC35 /* CashTransferTVC.swift */; };
		CDEE56A02A8FA1960032DC35 /* CashTransferTVCModel.swift in Sources */ = {isa = PBXBuildFile; fileRef = CDEE569F2A8FA1960032DC35 /* CashTransferTVCModel.swift */; };
		F80DC9EC2A8BB3C9007A3B64 /* ImageStorageManager.swift in Sources */ = {isa = PBXBuildFile; fileRef = F80DC9EB2A8BB3C9007A3B64 /* ImageStorageManager.swift */; };
		F845DDC32A8AD91500F8A7E5 /* AmountDueCard.xib in Resources */ = {isa = PBXBuildFile; fileRef = F845DDC22A8AD91500F8A7E5 /* AmountDueCard.xib */; };
		F845DDC72A8AD95100F8A7E5 /* AmountDueCardTVC.swift in Sources */ = {isa = PBXBuildFile; fileRef = F845DDC62A8AD95100F8A7E5 /* AmountDueCardTVC.swift */; };
		F845DDC92A8ADA6B00F8A7E5 /* BankDueCard.xib in Resources */ = {isa = PBXBuildFile; fileRef = F845DDC82A8ADA6B00F8A7E5 /* BankDueCard.xib */; };
		F845DDCB2A8ADA8500F8A7E5 /* BankDueCardTVC.swift in Sources */ = {isa = PBXBuildFile; fileRef = F845DDCA2A8ADA8500F8A7E5 /* BankDueCardTVC.swift */; };
		F845DDCD2A8ADE8A00F8A7E5 /* CreditScoreCard.xib in Resources */ = {isa = PBXBuildFile; fileRef = F845DDCC2A8ADE8A00F8A7E5 /* CreditScoreCard.xib */; };
		F845DDCF2A8AE19900F8A7E5 /* CreditScoreCardTVC.swift in Sources */ = {isa = PBXBuildFile; fileRef = F845DDCE2A8AE19900F8A7E5 /* CreditScoreCardTVC.swift */; };
		F845DDD12A8AE25200F8A7E5 /* LinkPersuasionCard.xib in Resources */ = {isa = PBXBuildFile; fileRef = F845DDD02A8AE25200F8A7E5 /* LinkPersuasionCard.xib */; };
		F845DDD32A8AE3E600F8A7E5 /* LinkPersuasionCardTVC.swift in Sources */ = {isa = PBXBuildFile; fileRef = F845DDD22A8AE3E600F8A7E5 /* LinkPersuasionCardTVC.swift */; };
		F845DDD62A8AE65900F8A7E5 /* HomeViewModel.swift in Sources */ = {isa = PBXBuildFile; fileRef = F845DDD52A8AE65900F8A7E5 /* HomeViewModel.swift */; };
		F845DDD92A8AE7E000F8A7E5 /* CardTemplateIds.swift in Sources */ = {isa = PBXBuildFile; fileRef = F845DDD82A8AE7E000F8A7E5 /* CardTemplateIds.swift */; };
		F845DDDC2A8AEA4C00F8A7E5 /* AmountDueCardModel.swift in Sources */ = {isa = PBXBuildFile; fileRef = F845DDDB2A8AEA4C00F8A7E5 /* AmountDueCardModel.swift */; };
		F845DDDE2A8AEA8300F8A7E5 /* BankDueCardModel.swift in Sources */ = {isa = PBXBuildFile; fileRef = F845DDDD2A8AEA8300F8A7E5 /* BankDueCardModel.swift */; };
		F845DDE02A8AEAA100F8A7E5 /* CreditScoreModel.swift in Sources */ = {isa = PBXBuildFile; fileRef = F845DDDF2A8AEAA100F8A7E5 /* CreditScoreModel.swift */; };
		F845DDE22A8AEAE300F8A7E5 /* LinkPersuasionModel.swift in Sources */ = {isa = PBXBuildFile; fileRef = F845DDE12A8AEAE300F8A7E5 /* LinkPersuasionModel.swift */; };
		F8D0C85D2A8FB7B700118EBD /* MyWalletTVC.xib in Resources */ = {isa = PBXBuildFile; fileRef = F8D0C85C2A8FB7B700118EBD /* MyWalletTVC.xib */; };
		F8D0C85F2A8FB7CC00118EBD /* MyWalletTVC.swift in Sources */ = {isa = PBXBuildFile; fileRef = F8D0C85E2A8FB7CC00118EBD /* MyWalletTVC.swift */; };
		F8D0C8612A8FB86B00118EBD /* MyWalletCVC.swift in Sources */ = {isa = PBXBuildFile; fileRef = F8D0C8602A8FB86B00118EBD /* MyWalletCVC.swift */; };
		F8D0C8632A8FB87700118EBD /* MyWalletCVC.xib in Resources */ = {isa = PBXBuildFile; fileRef = F8D0C8622A8FB87700118EBD /* MyWalletCVC.xib */; };
		F8D0C8652A8FB9B700118EBD /* MyWalletCVCModel.swift in Sources */ = {isa = PBXBuildFile; fileRef = F8D0C8642A8FB9B700118EBD /* MyWalletCVCModel.swift */; };
		F8D1346B2A88D1D500382005 /* AppDelegate.swift in Sources */ = {isa = PBXBuildFile; fileRef = F8D1346A2A88D1D500382005 /* AppDelegate.swift */; };
		F8D1346D2A88D1D500382005 /* SceneDelegate.swift in Sources */ = {isa = PBXBuildFile; fileRef = F8D1346C2A88D1D500382005 /* SceneDelegate.swift */; };
		F8D134722A88D1D500382005 /* Main.storyboard in Resources */ = {isa = PBXBuildFile; fileRef = F8D134702A88D1D500382005 /* Main.storyboard */; };
		F8D134742A88D1D600382005 /* Assets.xcassets in Resources */ = {isa = PBXBuildFile; fileRef = F8D134732A88D1D600382005 /* Assets.xcassets */; };
		F8D134772A88D1D600382005 /* LaunchScreen.storyboard in Resources */ = {isa = PBXBuildFile; fileRef = F8D134752A88D1D600382005 /* LaunchScreen.storyboard */; };
		F8D134822A88D1D600382005 /* CreditManagerTests.swift in Sources */ = {isa = PBXBuildFile; fileRef = F8D134812A88D1D600382005 /* CreditManagerTests.swift */; };
		F8D1348C2A88D1D600382005 /* CreditManagerUITests.swift in Sources */ = {isa = PBXBuildFile; fileRef = F8D1348B2A88D1D600382005 /* CreditManagerUITests.swift */; };
		F8D1348E2A88D1D600382005 /* CreditManagerUITestsLaunchTests.swift in Sources */ = {isa = PBXBuildFile; fileRef = F8D1348D2A88D1D600382005 /* CreditManagerUITestsLaunchTests.swift */; };
		F8D1349F2A88D24100382005 /* HomeViewController.swift in Sources */ = {isa = PBXBuildFile; fileRef = F8D1349E2A88D24100382005 /* HomeViewController.swift */; };
		F8D134A22A88D26A00382005 /* RewardsViewController.swift in Sources */ = {isa = PBXBuildFile; fileRef = F8D134A12A88D26A00382005 /* RewardsViewController.swift */; };
		F8D134A92A88D35400382005 /* HomeData.swift in Sources */ = {isa = PBXBuildFile; fileRef = F8D134A82A88D35400382005 /* HomeData.swift */; };
		F8D134AC2A88D37600382005 /* Constants.swift in Sources */ = {isa = PBXBuildFile; fileRef = F8D134AB2A88D37600382005 /* Constants.swift */; };
		F8D134AE2A88E13300382005 /* HomeTabBarController.swift in Sources */ = {isa = PBXBuildFile; fileRef = F8D134AD2A88E13300382005 /* HomeTabBarController.swift */; };
		F8D134B22A88E5B600382005 /* PayViewController.swift in Sources */ = {isa = PBXBuildFile; fileRef = F8D134B12A88E5B500382005 /* PayViewController.swift */; };
		F8D134B42A88F22A00382005 /* DownloadUtility.swift in Sources */ = {isa = PBXBuildFile; fileRef = F8D134B32A88F22A00382005 /* DownloadUtility.swift */; };
		F8D134B62A88FB9800382005 /* HomeDataManager.swift in Sources */ = {isa = PBXBuildFile; fileRef = F8D134B52A88FB9800382005 /* HomeDataManager.swift */; };
		F8D134BF2A89140300382005 /* ProfileNavBarView.xib in Resources */ = {isa = PBXBuildFile; fileRef = F8D134BE2A89140300382005 /* ProfileNavBarView.xib */; };
		F8D134C12A89145100382005 /* ProfileNavBarView.swift in Sources */ = {isa = PBXBuildFile; fileRef = F8D134C02A89145100382005 /* ProfileNavBarView.swift */; };
		F8D134C32A8923F300382005 /* WalletNavBarView.xib in Resources */ = {isa = PBXBuildFile; fileRef = F8D134C22A8923F300382005 /* WalletNavBarView.xib */; };
		F8D134C52A89242E00382005 /* WalletNavBarView.swift in Sources */ = {isa = PBXBuildFile; fileRef = F8D134C42A89242E00382005 /* WalletNavBarView.swift */; };
/* End PBXBuildFile section */

/* Begin PBXContainerItemProxy section */
		F8D1347E2A88D1D600382005 /* PBXContainerItemProxy */ = {
			isa = PBXContainerItemProxy;
			containerPortal = F8D1345F2A88D1D500382005 /* Project object */;
			proxyType = 1;
			remoteGlobalIDString = F8D134662A88D1D500382005;
			remoteInfo = CreditManager;
		};
		F8D134882A88D1D600382005 /* PBXContainerItemProxy */ = {
			isa = PBXContainerItemProxy;
			containerPortal = F8D1345F2A88D1D500382005 /* Project object */;
			proxyType = 1;
			remoteGlobalIDString = F8D134662A88D1D500382005;
			remoteInfo = CreditManager;
		};
/* End PBXContainerItemProxy section */

/* Begin PBXFileReference section */
		CD0FE3F92A8E4DFE00A7AD7E /* RewardsModel.swift */ = {isa = PBXFileReference; lastKnownFileType = sourcecode.swift; path = RewardsModel.swift; sourceTree = "<group>"; };
		CD0FE3FB2A8E4E0D00A7AD7E /* RewardsViewModel.swift */ = {isa = PBXFileReference; lastKnownFileType = sourcecode.swift; path = RewardsViewModel.swift; sourceTree = "<group>"; };
		CD0FE3FE2A8E4E7600A7AD7E /* RewardsCardTemplates.swift */ = {isa = PBXFileReference; lastKnownFileType = sourcecode.swift; path = RewardsCardTemplates.swift; sourceTree = "<group>"; };
		CDC3899A2A8E451000248DAC /* ExploreVoucherCVC.xib */ = {isa = PBXFileReference; lastKnownFileType = file.xib; path = ExploreVoucherCVC.xib; sourceTree = "<group>"; };
		CDC3899C2A8E454F00248DAC /* ExploreVoucherCVC.swift */ = {isa = PBXFileReference; lastKnownFileType = sourcecode.swift; path = ExploreVoucherCVC.swift; sourceTree = "<group>"; };
		CDEE56892A8F3BDD0032DC35 /* ExploreVoucherTVC.xib */ = {isa = PBXFileReference; lastKnownFileType = file.xib; path = ExploreVoucherTVC.xib; sourceTree = "<group>"; };
		CDEE568B2A8F3D7B0032DC35 /* ExploreVoucherTVC.swift */ = {isa = PBXFileReference; lastKnownFileType = sourcecode.swift; path = ExploreVoucherTVC.swift; sourceTree = "<group>"; };
		CDEE568F2A8F3F530032DC35 /* ExploreVoucherModel.swift */ = {isa = PBXFileReference; lastKnownFileType = sourcecode.swift; path = ExploreVoucherModel.swift; sourceTree = "<group>"; };
		CDEE56912A8F6C150032DC35 /* DealsTVC.xib */ = {isa = PBXFileReference; lastKnownFileType = file.xib; path = DealsTVC.xib; sourceTree = "<group>"; };
		CDEE56932A8F6C400032DC35 /* DealsTVC.swift */ = {isa = PBXFileReference; lastKnownFileType = sourcecode.swift; path = DealsTVC.swift; sourceTree = "<group>"; };
		CDEE56952A8F6D200032DC35 /* FeaturedDealsModel.swift */ = {isa = PBXFileReference; lastKnownFileType = sourcecode.swift; path = FeaturedDealsModel.swift; sourceTree = "<group>"; };
		CDEE56972A8F70190032DC35 /* DealsCVC.swift */ = {isa = PBXFileReference; lastKnownFileType = sourcecode.swift; path = DealsCVC.swift; sourceTree = "<group>"; };
		CDEE56992A8F70240032DC35 /* DealsCVC.xib */ = {isa = PBXFileReference; lastKnownFileType = file.xib; path = DealsCVC.xib; sourceTree = "<group>"; };
		CDEE569B2A8F9E170032DC35 /* CashTransferTVC.xib */ = {isa = PBXFileReference; lastKnownFileType = file.xib; path = CashTransferTVC.xib; sourceTree = "<group>"; };
		CDEE569D2A8F9E3D0032DC35 /* CashTransferTVC.swift */ = {isa = PBXFileReference; lastKnownFileType = sourcecode.swift; path = CashTransferTVC.swift; sourceTree = "<group>"; };
		CDEE569F2A8FA1960032DC35 /* CashTransferTVCModel.swift */ = {isa = PBXFileReference; lastKnownFileType = sourcecode.swift; path = CashTransferTVCModel.swift; sourceTree = "<group>"; };
		F80DC9EB2A8BB3C9007A3B64 /* ImageStorageManager.swift */ = {isa = PBXFileReference; lastKnownFileType = sourcecode.swift; path = ImageStorageManager.swift; sourceTree = "<group>"; };
		F845DDC22A8AD91500F8A7E5 /* AmountDueCard.xib */ = {isa = PBXFileReference; lastKnownFileType = file.xib; path = AmountDueCard.xib; sourceTree = "<group>"; };
		F845DDC62A8AD95100F8A7E5 /* AmountDueCardTVC.swift */ = {isa = PBXFileReference; lastKnownFileType = sourcecode.swift; path = AmountDueCardTVC.swift; sourceTree = "<group>"; };
		F845DDC82A8ADA6B00F8A7E5 /* BankDueCard.xib */ = {isa = PBXFileReference; lastKnownFileType = file.xib; path = BankDueCard.xib; sourceTree = "<group>"; };
		F845DDCA2A8ADA8500F8A7E5 /* BankDueCardTVC.swift */ = {isa = PBXFileReference; lastKnownFileType = sourcecode.swift; path = BankDueCardTVC.swift; sourceTree = "<group>"; };
		F845DDCC2A8ADE8A00F8A7E5 /* CreditScoreCard.xib */ = {isa = PBXFileReference; lastKnownFileType = file.xib; path = CreditScoreCard.xib; sourceTree = "<group>"; };
		F845DDCE2A8AE19900F8A7E5 /* CreditScoreCardTVC.swift */ = {isa = PBXFileReference; lastKnownFileType = sourcecode.swift; path = CreditScoreCardTVC.swift; sourceTree = "<group>"; };
		F845DDD02A8AE25200F8A7E5 /* LinkPersuasionCard.xib */ = {isa = PBXFileReference; lastKnownFileType = file.xib; path = LinkPersuasionCard.xib; sourceTree = "<group>"; };
		F845DDD22A8AE3E600F8A7E5 /* LinkPersuasionCardTVC.swift */ = {isa = PBXFileReference; lastKnownFileType = sourcecode.swift; path = LinkPersuasionCardTVC.swift; sourceTree = "<group>"; };
		F845DDD52A8AE65900F8A7E5 /* HomeViewModel.swift */ = {isa = PBXFileReference; lastKnownFileType = sourcecode.swift; path = HomeViewModel.swift; sourceTree = "<group>"; };
		F845DDD82A8AE7E000F8A7E5 /* CardTemplateIds.swift */ = {isa = PBXFileReference; lastKnownFileType = sourcecode.swift; path = CardTemplateIds.swift; sourceTree = "<group>"; };
		F845DDDB2A8AEA4C00F8A7E5 /* AmountDueCardModel.swift */ = {isa = PBXFileReference; lastKnownFileType = sourcecode.swift; path = AmountDueCardModel.swift; sourceTree = "<group>"; };
		F845DDDD2A8AEA8300F8A7E5 /* BankDueCardModel.swift */ = {isa = PBXFileReference; lastKnownFileType = sourcecode.swift; path = BankDueCardModel.swift; sourceTree = "<group>"; };
		F845DDDF2A8AEAA100F8A7E5 /* CreditScoreModel.swift */ = {isa = PBXFileReference; lastKnownFileType = sourcecode.swift; path = CreditScoreModel.swift; sourceTree = "<group>"; };
		F845DDE12A8AEAE300F8A7E5 /* LinkPersuasionModel.swift */ = {isa = PBXFileReference; lastKnownFileType = sourcecode.swift; path = LinkPersuasionModel.swift; sourceTree = "<group>"; };
		F8D0C85C2A8FB7B700118EBD /* MyWalletTVC.xib */ = {isa = PBXFileReference; lastKnownFileType = file.xib; path = MyWalletTVC.xib; sourceTree = "<group>"; };
		F8D0C85E2A8FB7CC00118EBD /* MyWalletTVC.swift */ = {isa = PBXFileReference; lastKnownFileType = sourcecode.swift; path = MyWalletTVC.swift; sourceTree = "<group>"; };
		F8D0C8602A8FB86B00118EBD /* MyWalletCVC.swift */ = {isa = PBXFileReference; lastKnownFileType = sourcecode.swift; path = MyWalletCVC.swift; sourceTree = "<group>"; };
		F8D0C8622A8FB87700118EBD /* MyWalletCVC.xib */ = {isa = PBXFileReference; lastKnownFileType = file.xib; path = MyWalletCVC.xib; sourceTree = "<group>"; };
		F8D0C8642A8FB9B700118EBD /* MyWalletCVCModel.swift */ = {isa = PBXFileReference; lastKnownFileType = sourcecode.swift; path = MyWalletCVCModel.swift; sourceTree = "<group>"; };
		F8D134672A88D1D500382005 /* CreditManager.app */ = {isa = PBXFileReference; explicitFileType = wrapper.application; includeInIndex = 0; path = CreditManager.app; sourceTree = BUILT_PRODUCTS_DIR; };
		F8D1346A2A88D1D500382005 /* AppDelegate.swift */ = {isa = PBXFileReference; lastKnownFileType = sourcecode.swift; path = AppDelegate.swift; sourceTree = "<group>"; };
		F8D1346C2A88D1D500382005 /* SceneDelegate.swift */ = {isa = PBXFileReference; lastKnownFileType = sourcecode.swift; path = SceneDelegate.swift; sourceTree = "<group>"; };
		F8D134712A88D1D500382005 /* Base */ = {isa = PBXFileReference; lastKnownFileType = file.storyboard; name = Base; path = Base.lproj/Main.storyboard; sourceTree = "<group>"; };
		F8D134732A88D1D600382005 /* Assets.xcassets */ = {isa = PBXFileReference; lastKnownFileType = folder.assetcatalog; path = Assets.xcassets; sourceTree = "<group>"; };
		F8D134762A88D1D600382005 /* Base */ = {isa = PBXFileReference; lastKnownFileType = file.storyboard; name = Base; path = Base.lproj/LaunchScreen.storyboard; sourceTree = "<group>"; };
		F8D134782A88D1D600382005 /* Info.plist */ = {isa = PBXFileReference; lastKnownFileType = text.plist.xml; path = Info.plist; sourceTree = "<group>"; };
		F8D1347D2A88D1D600382005 /* CreditManagerTests.xctest */ = {isa = PBXFileReference; explicitFileType = wrapper.cfbundle; includeInIndex = 0; path = CreditManagerTests.xctest; sourceTree = BUILT_PRODUCTS_DIR; };
		F8D134812A88D1D600382005 /* CreditManagerTests.swift */ = {isa = PBXFileReference; lastKnownFileType = sourcecode.swift; path = CreditManagerTests.swift; sourceTree = "<group>"; };
		F8D134872A88D1D600382005 /* CreditManagerUITests.xctest */ = {isa = PBXFileReference; explicitFileType = wrapper.cfbundle; includeInIndex = 0; path = CreditManagerUITests.xctest; sourceTree = BUILT_PRODUCTS_DIR; };
		F8D1348B2A88D1D600382005 /* CreditManagerUITests.swift */ = {isa = PBXFileReference; lastKnownFileType = sourcecode.swift; path = CreditManagerUITests.swift; sourceTree = "<group>"; };
		F8D1348D2A88D1D600382005 /* CreditManagerUITestsLaunchTests.swift */ = {isa = PBXFileReference; lastKnownFileType = sourcecode.swift; path = CreditManagerUITestsLaunchTests.swift; sourceTree = "<group>"; };
		F8D1349E2A88D24100382005 /* HomeViewController.swift */ = {isa = PBXFileReference; lastKnownFileType = sourcecode.swift; path = HomeViewController.swift; sourceTree = "<group>"; };
		F8D134A12A88D26A00382005 /* RewardsViewController.swift */ = {isa = PBXFileReference; lastKnownFileType = sourcecode.swift; path = RewardsViewController.swift; sourceTree = "<group>"; };
		F8D134A82A88D35400382005 /* HomeData.swift */ = {isa = PBXFileReference; lastKnownFileType = sourcecode.swift; path = HomeData.swift; sourceTree = "<group>"; };
		F8D134AB2A88D37600382005 /* Constants.swift */ = {isa = PBXFileReference; lastKnownFileType = sourcecode.swift; path = Constants.swift; sourceTree = "<group>"; };
		F8D134AD2A88E13300382005 /* HomeTabBarController.swift */ = {isa = PBXFileReference; lastKnownFileType = sourcecode.swift; path = HomeTabBarController.swift; sourceTree = "<group>"; };
		F8D134B12A88E5B500382005 /* PayViewController.swift */ = {isa = PBXFileReference; lastKnownFileType = sourcecode.swift; path = PayViewController.swift; sourceTree = "<group>"; };
		F8D134B32A88F22A00382005 /* DownloadUtility.swift */ = {isa = PBXFileReference; lastKnownFileType = sourcecode.swift; path = DownloadUtility.swift; sourceTree = "<group>"; };
		F8D134B52A88FB9800382005 /* HomeDataManager.swift */ = {isa = PBXFileReference; lastKnownFileType = sourcecode.swift; path = HomeDataManager.swift; sourceTree = "<group>"; };
		F8D134BE2A89140300382005 /* ProfileNavBarView.xib */ = {isa = PBXFileReference; lastKnownFileType = file.xib; path = ProfileNavBarView.xib; sourceTree = "<group>"; };
		F8D134C02A89145100382005 /* ProfileNavBarView.swift */ = {isa = PBXFileReference; lastKnownFileType = sourcecode.swift; path = ProfileNavBarView.swift; sourceTree = "<group>"; };
		F8D134C22A8923F300382005 /* WalletNavBarView.xib */ = {isa = PBXFileReference; lastKnownFileType = file.xib; path = WalletNavBarView.xib; sourceTree = "<group>"; };
		F8D134C42A89242E00382005 /* WalletNavBarView.swift */ = {isa = PBXFileReference; lastKnownFileType = sourcecode.swift; path = WalletNavBarView.swift; sourceTree = "<group>"; };
/* End PBXFileReference section */

/* Begin PBXFrameworksBuildPhase section */
		F8D134642A88D1D500382005 /* Frameworks */ = {
			isa = PBXFrameworksBuildPhase;
			buildActionMask = 2147483647;
			files = (
			);
			runOnlyForDeploymentPostprocessing = 0;
		};
		F8D1347A2A88D1D600382005 /* Frameworks */ = {
			isa = PBXFrameworksBuildPhase;
			buildActionMask = 2147483647;
			files = (
			);
			runOnlyForDeploymentPostprocessing = 0;
		};
		F8D134842A88D1D600382005 /* Frameworks */ = {
			isa = PBXFrameworksBuildPhase;
			buildActionMask = 2147483647;
			files = (
			);
			runOnlyForDeploymentPostprocessing = 0;
		};
/* End PBXFrameworksBuildPhase section */

/* Begin PBXGroup section */
		CD0FE3F72A8E4DE900A7AD7E /* Model */ = {
			isa = PBXGroup;
			children = (
				CD0FE3F92A8E4DFE00A7AD7E /* RewardsModel.swift */,
			);
			path = Model;
			sourceTree = "<group>";
		};
		CD0FE3F82A8E4DED00A7AD7E /* ViewModel */ = {
			isa = PBXGroup;
			children = (
				CD0FE3FB2A8E4E0D00A7AD7E /* RewardsViewModel.swift */,
			);
			path = ViewModel;
			sourceTree = "<group>";
		};
		CD0FE3FD2A8E4E6400A7AD7E /* CardTemplates */ = {
			isa = PBXGroup;
			children = (
				CD0FE3FE2A8E4E7600A7AD7E /* RewardsCardTemplates.swift */,
			);
			path = CardTemplates;
			sourceTree = "<group>";
		};
		F845DDBF2A8AD87B00F8A7E5 /* Cards */ = {
			isa = PBXGroup;
			children = (
				F845DDDA2A8AEA3500F8A7E5 /* Model */,
				F845DDC12A8AD88E00F8A7E5 /* Source */,
				F845DDC02A8AD88800F8A7E5 /* Views */,
			);
			path = Cards;
			sourceTree = "<group>";
		};
		F845DDC02A8AD88800F8A7E5 /* Views */ = {
			isa = PBXGroup;
			children = (
				F845DDC22A8AD91500F8A7E5 /* AmountDueCard.xib */,
				F845DDC82A8ADA6B00F8A7E5 /* BankDueCard.xib */,
				F845DDCC2A8ADE8A00F8A7E5 /* CreditScoreCard.xib */,
				F845DDD02A8AE25200F8A7E5 /* LinkPersuasionCard.xib */,
				CDC3899A2A8E451000248DAC /* ExploreVoucherCVC.xib */,
				CDEE56892A8F3BDD0032DC35 /* ExploreVoucherTVC.xib */,
				CDEE56912A8F6C150032DC35 /* DealsTVC.xib */,
				CDEE56992A8F70240032DC35 /* DealsCVC.xib */,
				CDEE569B2A8F9E170032DC35 /* CashTransferTVC.xib */,
				F8D0C85C2A8FB7B700118EBD /* MyWalletTVC.xib */,
				F8D0C8622A8FB87700118EBD /* MyWalletCVC.xib */,
			);
			path = Views;
			sourceTree = "<group>";
		};
		F845DDC12A8AD88E00F8A7E5 /* Source */ = {
			isa = PBXGroup;
			children = (
				F845DDC62A8AD95100F8A7E5 /* AmountDueCardTVC.swift */,
				F845DDCA2A8ADA8500F8A7E5 /* BankDueCardTVC.swift */,
				F845DDCE2A8AE19900F8A7E5 /* CreditScoreCardTVC.swift */,
				F845DDD22A8AE3E600F8A7E5 /* LinkPersuasionCardTVC.swift */,
				CDC3899C2A8E454F00248DAC /* ExploreVoucherCVC.swift */,
				CDEE568B2A8F3D7B0032DC35 /* ExploreVoucherTVC.swift */,
				CDEE56932A8F6C400032DC35 /* DealsTVC.swift */,
				CDEE56972A8F70190032DC35 /* DealsCVC.swift */,
				CDEE569D2A8F9E3D0032DC35 /* CashTransferTVC.swift */,
				F8D0C85E2A8FB7CC00118EBD /* MyWalletTVC.swift */,
				F8D0C8602A8FB86B00118EBD /* MyWalletCVC.swift */,
			);
			path = Source;
			sourceTree = "<group>";
		};
		F845DDD42A8AE64A00F8A7E5 /* ViewModel */ = {
			isa = PBXGroup;
			children = (
				F845DDD52A8AE65900F8A7E5 /* HomeViewModel.swift */,
			);
			path = ViewModel;
			sourceTree = "<group>";
		};
		F845DDD72A8AE7CD00F8A7E5 /* CardTemplates */ = {
			isa = PBXGroup;
			children = (
				F845DDD82A8AE7E000F8A7E5 /* CardTemplateIds.swift */,
			);
			path = CardTemplates;
			sourceTree = "<group>";
		};
		F845DDDA2A8AEA3500F8A7E5 /* Model */ = {
			isa = PBXGroup;
			children = (
				F845DDDB2A8AEA4C00F8A7E5 /* AmountDueCardModel.swift */,
				F845DDDD2A8AEA8300F8A7E5 /* BankDueCardModel.swift */,
				F845DDDF2A8AEAA100F8A7E5 /* CreditScoreModel.swift */,
				F845DDE12A8AEAE300F8A7E5 /* LinkPersuasionModel.swift */,
				CDEE568F2A8F3F530032DC35 /* ExploreVoucherModel.swift */,
				CDEE56952A8F6D200032DC35 /* FeaturedDealsModel.swift */,
				CDEE569F2A8FA1960032DC35 /* CashTransferTVCModel.swift */,
				F8D0C8642A8FB9B700118EBD /* MyWalletCVCModel.swift */,
			);
			path = Model;
			sourceTree = "<group>";
		};
		F8D1345E2A88D1D500382005 = {
			isa = PBXGroup;
			children = (
				F8D134692A88D1D500382005 /* CreditManager */,
				F8D134802A88D1D600382005 /* CreditManagerTests */,
				F8D1348A2A88D1D600382005 /* CreditManagerUITests */,
				F8D134682A88D1D500382005 /* Products */,
			);
			sourceTree = "<group>";
		};
		F8D134682A88D1D500382005 /* Products */ = {
			isa = PBXGroup;
			children = (
				F8D134672A88D1D500382005 /* CreditManager.app */,
				F8D1347D2A88D1D600382005 /* CreditManagerTests.xctest */,
				F8D134872A88D1D600382005 /* CreditManagerUITests.xctest */,
			);
			name = Products;
			sourceTree = "<group>";
		};
		F8D134692A88D1D500382005 /* CreditManager */ = {
			isa = PBXGroup;
			children = (
				F8D1349A2A88D21F00382005 /* Screens */,
				F8D1346A2A88D1D500382005 /* AppDelegate.swift */,
				F8D1346C2A88D1D500382005 /* SceneDelegate.swift */,
				F8D134702A88D1D500382005 /* Main.storyboard */,
				F8D134732A88D1D600382005 /* Assets.xcassets */,
				F8D134752A88D1D600382005 /* LaunchScreen.storyboard */,
				F8D134782A88D1D600382005 /* Info.plist */,
			);
			path = CreditManager;
			sourceTree = "<group>";
		};
		F8D134802A88D1D600382005 /* CreditManagerTests */ = {
			isa = PBXGroup;
			children = (
				F8D134812A88D1D600382005 /* CreditManagerTests.swift */,
			);
			path = CreditManagerTests;
			sourceTree = "<group>";
		};
		F8D1348A2A88D1D600382005 /* CreditManagerUITests */ = {
			isa = PBXGroup;
			children = (
				F8D1348B2A88D1D600382005 /* CreditManagerUITests.swift */,
				F8D1348D2A88D1D600382005 /* CreditManagerUITestsLaunchTests.swift */,
			);
			path = CreditManagerUITests;
			sourceTree = "<group>";
		};
		F8D1349A2A88D21F00382005 /* Screens */ = {
			isa = PBXGroup;
			children = (
				F845DDD72A8AE7CD00F8A7E5 /* CardTemplates */,
				F845DDBF2A8AD87B00F8A7E5 /* Cards */,
				F8D134BB2A8912A700382005 /* NavBarViews */,
				F8D134A32A88D29800382005 /* AppManager */,
				F8D134AF2A88E59A00382005 /* PAY */,
				F8D1349C2A88D22B00382005 /* Rewards */,
				F8D1349B2A88D22700382005 /* Home */,
			);
			path = Screens;
			sourceTree = "<group>";
		};
		F8D1349B2A88D22700382005 /* Home */ = {
			isa = PBXGroup;
			children = (
				F845DDD42A8AE64A00F8A7E5 /* ViewModel */,
				F8D1349D2A88D23500382005 /* View */,
			);
			path = Home;
			sourceTree = "<group>";
		};
		F8D1349C2A88D22B00382005 /* Rewards */ = {
			isa = PBXGroup;
			children = (
				CD0FE3FD2A8E4E6400A7AD7E /* CardTemplates */,
				CD0FE3F82A8E4DED00A7AD7E /* ViewModel */,
				CD0FE3F72A8E4DE900A7AD7E /* Model */,
				F8D134A02A88D26000382005 /* View */,
			);
			path = Rewards;
			sourceTree = "<group>";
		};
		F8D1349D2A88D23500382005 /* View */ = {
			isa = PBXGroup;
			children = (
				F8D1349E2A88D24100382005 /* HomeViewController.swift */,
			);
			path = View;
			sourceTree = "<group>";
		};
		F8D134A02A88D26000382005 /* View */ = {
			isa = PBXGroup;
			children = (
				F8D134A12A88D26A00382005 /* RewardsViewController.swift */,
			);
			path = View;
			sourceTree = "<group>";
		};
		F8D134A32A88D29800382005 /* AppManager */ = {
			isa = PBXGroup;
			children = (
				F8D134AA2A88D36A00382005 /* Utilities */,
				F8D134A72A88D33600382005 /* Model */,
				F8D134A42A88D2A000382005 /* View */,
			);
			path = AppManager;
			sourceTree = "<group>";
		};
		F8D134A42A88D2A000382005 /* View */ = {
			isa = PBXGroup;
			children = (
				F8D134AD2A88E13300382005 /* HomeTabBarController.swift */,
			);
			path = View;
			sourceTree = "<group>";
		};
		F8D134A72A88D33600382005 /* Model */ = {
			isa = PBXGroup;
			children = (
				F8D134A82A88D35400382005 /* HomeData.swift */,
				F8D134B52A88FB9800382005 /* HomeDataManager.swift */,
			);
			path = Model;
			sourceTree = "<group>";
		};
		F8D134AA2A88D36A00382005 /* Utilities */ = {
			isa = PBXGroup;
			children = (
				F8D134AB2A88D37600382005 /* Constants.swift */,
				F8D134B32A88F22A00382005 /* DownloadUtility.swift */,
				F80DC9EB2A8BB3C9007A3B64 /* ImageStorageManager.swift */,
			);
			path = Utilities;
			sourceTree = "<group>";
		};
		F8D134AF2A88E59A00382005 /* PAY */ = {
			isa = PBXGroup;
			children = (
				F8D134B02A88E5A500382005 /* View */,
			);
			path = PAY;
			sourceTree = "<group>";
		};
		F8D134B02A88E5A500382005 /* View */ = {
			isa = PBXGroup;
			children = (
				F8D134B12A88E5B500382005 /* PayViewController.swift */,
			);
			path = View;
			sourceTree = "<group>";
		};
		F8D134BB2A8912A700382005 /* NavBarViews */ = {
			isa = PBXGroup;
			children = (
				F8D134BD2A8913E700382005 /* Source */,
				F8D134BC2A8913DF00382005 /* View */,
			);
			path = NavBarViews;
			sourceTree = "<group>";
		};
		F8D134BC2A8913DF00382005 /* View */ = {
			isa = PBXGroup;
			children = (
				F8D134BE2A89140300382005 /* ProfileNavBarView.xib */,
				F8D134C22A8923F300382005 /* WalletNavBarView.xib */,
			);
			path = View;
			sourceTree = "<group>";
		};
		F8D134BD2A8913E700382005 /* Source */ = {
			isa = PBXGroup;
			children = (
				F8D134C02A89145100382005 /* ProfileNavBarView.swift */,
				F8D134C42A89242E00382005 /* WalletNavBarView.swift */,
			);
			path = Source;
			sourceTree = "<group>";
		};
/* End PBXGroup section */

/* Begin PBXNativeTarget section */
		F8D134662A88D1D500382005 /* CreditManager */ = {
			isa = PBXNativeTarget;
			buildConfigurationList = F8D134912A88D1D600382005 /* Build configuration list for PBXNativeTarget "CreditManager" */;
			buildPhases = (
				F8D134632A88D1D500382005 /* Sources */,
				F8D134642A88D1D500382005 /* Frameworks */,
				F8D134652A88D1D500382005 /* Resources */,
			);
			buildRules = (
			);
			dependencies = (
			);
			name = CreditManager;
			productName = CreditManager;
			productReference = F8D134672A88D1D500382005 /* CreditManager.app */;
			productType = "com.apple.product-type.application";
		};
		F8D1347C2A88D1D600382005 /* CreditManagerTests */ = {
			isa = PBXNativeTarget;
			buildConfigurationList = F8D134942A88D1D600382005 /* Build configuration list for PBXNativeTarget "CreditManagerTests" */;
			buildPhases = (
				F8D134792A88D1D600382005 /* Sources */,
				F8D1347A2A88D1D600382005 /* Frameworks */,
				F8D1347B2A88D1D600382005 /* Resources */,
			);
			buildRules = (
			);
			dependencies = (
				F8D1347F2A88D1D600382005 /* PBXTargetDependency */,
			);
			name = CreditManagerTests;
			productName = CreditManagerTests;
			productReference = F8D1347D2A88D1D600382005 /* CreditManagerTests.xctest */;
			productType = "com.apple.product-type.bundle.unit-test";
		};
		F8D134862A88D1D600382005 /* CreditManagerUITests */ = {
			isa = PBXNativeTarget;
			buildConfigurationList = F8D134972A88D1D600382005 /* Build configuration list for PBXNativeTarget "CreditManagerUITests" */;
			buildPhases = (
				F8D134832A88D1D600382005 /* Sources */,
				F8D134842A88D1D600382005 /* Frameworks */,
				F8D134852A88D1D600382005 /* Resources */,
			);
			buildRules = (
			);
			dependencies = (
				F8D134892A88D1D600382005 /* PBXTargetDependency */,
			);
			name = CreditManagerUITests;
			productName = CreditManagerUITests;
			productReference = F8D134872A88D1D600382005 /* CreditManagerUITests.xctest */;
			productType = "com.apple.product-type.bundle.ui-testing";
		};
/* End PBXNativeTarget section */

/* Begin PBXProject section */
		F8D1345F2A88D1D500382005 /* Project object */ = {
			isa = PBXProject;
			attributes = {
				BuildIndependentTargetsInParallel = 1;
				LastSwiftUpdateCheck = 1430;
				LastUpgradeCheck = 1430;
				TargetAttributes = {
					F8D134662A88D1D500382005 = {
						CreatedOnToolsVersion = 14.3.1;
					};
					F8D1347C2A88D1D600382005 = {
						CreatedOnToolsVersion = 14.3.1;
						TestTargetID = F8D134662A88D1D500382005;
					};
					F8D134862A88D1D600382005 = {
						CreatedOnToolsVersion = 14.3.1;
						TestTargetID = F8D134662A88D1D500382005;
					};
				};
			};
			buildConfigurationList = F8D134622A88D1D500382005 /* Build configuration list for PBXProject "CreditManager" */;
			compatibilityVersion = "Xcode 14.0";
			developmentRegion = en;
			hasScannedForEncodings = 0;
			knownRegions = (
				en,
				Base,
			);
			mainGroup = F8D1345E2A88D1D500382005;
			productRefGroup = F8D134682A88D1D500382005 /* Products */;
			projectDirPath = "";
			projectRoot = "";
			targets = (
				F8D134662A88D1D500382005 /* CreditManager */,
				F8D1347C2A88D1D600382005 /* CreditManagerTests */,
				F8D134862A88D1D600382005 /* CreditManagerUITests */,
			);
		};
/* End PBXProject section */

/* Begin PBXResourcesBuildPhase section */
		F8D134652A88D1D500382005 /* Resources */ = {
			isa = PBXResourcesBuildPhase;
			buildActionMask = 2147483647;
			files = (
				F8D134BF2A89140300382005 /* ProfileNavBarView.xib in Resources */,
				F845DDD12A8AE25200F8A7E5 /* LinkPersuasionCard.xib in Resources */,
				F8D0C85D2A8FB7B700118EBD /* MyWalletTVC.xib in Resources */,
				F845DDC92A8ADA6B00F8A7E5 /* BankDueCard.xib in Resources */,
				CDEE56922A8F6C150032DC35 /* DealsTVC.xib in Resources */,
				F8D134772A88D1D600382005 /* LaunchScreen.storyboard in Resources */,
				F845DDC32A8AD91500F8A7E5 /* AmountDueCard.xib in Resources */,
				CDEE568A2A8F3BDD0032DC35 /* ExploreVoucherTVC.xib in Resources */,
				CDEE569A2A8F70240032DC35 /* DealsCVC.xib in Resources */,
				CDC3899B2A8E451000248DAC /* ExploreVoucherCVC.xib in Resources */,
				F8D134742A88D1D600382005 /* Assets.xcassets in Resources */,
				F8D0C8632A8FB87700118EBD /* MyWalletCVC.xib in Resources */,
				F845DDCD2A8ADE8A00F8A7E5 /* CreditScoreCard.xib in Resources */,
				CDEE569C2A8F9E170032DC35 /* CashTransferTVC.xib in Resources */,
				F8D134C32A8923F300382005 /* WalletNavBarView.xib in Resources */,
				F8D134722A88D1D500382005 /* Main.storyboard in Resources */,
			);
			runOnlyForDeploymentPostprocessing = 0;
		};
		F8D1347B2A88D1D600382005 /* Resources */ = {
			isa = PBXResourcesBuildPhase;
			buildActionMask = 2147483647;
			files = (
			);
			runOnlyForDeploymentPostprocessing = 0;
		};
		F8D134852A88D1D600382005 /* Resources */ = {
			isa = PBXResourcesBuildPhase;
			buildActionMask = 2147483647;
			files = (
			);
			runOnlyForDeploymentPostprocessing = 0;
		};
/* End PBXResourcesBuildPhase section */

/* Begin PBXSourcesBuildPhase section */
		F8D134632A88D1D500382005 /* Sources */ = {
			isa = PBXSourcesBuildPhase;
			buildActionMask = 2147483647;
			files = (
				CD0FE3FC2A8E4E0D00A7AD7E /* RewardsViewModel.swift in Sources */,
				F845DDD62A8AE65900F8A7E5 /* HomeViewModel.swift in Sources */,
				CDC3899D2A8E454F00248DAC /* ExploreVoucherCVC.swift in Sources */,
				F8D134B62A88FB9800382005 /* HomeDataManager.swift in Sources */,
				F8D134A22A88D26A00382005 /* RewardsViewController.swift in Sources */,
				F8D1346B2A88D1D500382005 /* AppDelegate.swift in Sources */,
				CDEE569E2A8F9E3D0032DC35 /* CashTransferTVC.swift in Sources */,
				CD0FE3FF2A8E4E7600A7AD7E /* RewardsCardTemplates.swift in Sources */,
				CDEE56942A8F6C400032DC35 /* DealsTVC.swift in Sources */,
				F8D0C8652A8FB9B700118EBD /* MyWalletCVCModel.swift in Sources */,
				CDEE56A02A8FA1960032DC35 /* CashTransferTVCModel.swift in Sources */,
				F8D134C12A89145100382005 /* ProfileNavBarView.swift in Sources */,
				F845DDD32A8AE3E600F8A7E5 /* LinkPersuasionCardTVC.swift in Sources */,
				CDEE56962A8F6D200032DC35 /* FeaturedDealsModel.swift in Sources */,
				F845DDD92A8AE7E000F8A7E5 /* CardTemplateIds.swift in Sources */,
				CD0FE3FA2A8E4DFE00A7AD7E /* RewardsModel.swift in Sources */,
				F8D0C8612A8FB86B00118EBD /* MyWalletCVC.swift in Sources */,
				F8D134A92A88D35400382005 /* HomeData.swift in Sources */,
				CDEE56982A8F70190032DC35 /* DealsCVC.swift in Sources */,
				CDEE56902A8F3F530032DC35 /* ExploreVoucherModel.swift in Sources */,
				F8D134B42A88F22A00382005 /* DownloadUtility.swift in Sources */,
				F845DDC72A8AD95100F8A7E5 /* AmountDueCardTVC.swift in Sources */,
				CDEE568C2A8F3D7B0032DC35 /* ExploreVoucherTVC.swift in Sources */,
				F8D134B22A88E5B600382005 /* PayViewController.swift in Sources */,
				F8D1346D2A88D1D500382005 /* SceneDelegate.swift in Sources */,
				F845DDCF2A8AE19900F8A7E5 /* CreditScoreCardTVC.swift in Sources */,
				F845DDE02A8AEAA100F8A7E5 /* CreditScoreModel.swift in Sources */,
				F8D134AC2A88D37600382005 /* Constants.swift in Sources */,
				F845DDCB2A8ADA8500F8A7E5 /* BankDueCardTVC.swift in Sources */,
				F8D1349F2A88D24100382005 /* HomeViewController.swift in Sources */,
				F8D134AE2A88E13300382005 /* HomeTabBarController.swift in Sources */,
				F845DDE22A8AEAE300F8A7E5 /* LinkPersuasionModel.swift in Sources */,
				F80DC9EC2A8BB3C9007A3B64 /* ImageStorageManager.swift in Sources */,
				F845DDDC2A8AEA4C00F8A7E5 /* AmountDueCardModel.swift in Sources */,
				F8D0C85F2A8FB7CC00118EBD /* MyWalletTVC.swift in Sources */,
				F845DDDE2A8AEA8300F8A7E5 /* BankDueCardModel.swift in Sources */,
				F8D134C52A89242E00382005 /* WalletNavBarView.swift in Sources */,
			);
			runOnlyForDeploymentPostprocessing = 0;
		};
		F8D134792A88D1D600382005 /* Sources */ = {
			isa = PBXSourcesBuildPhase;
			buildActionMask = 2147483647;
			files = (
				F8D134822A88D1D600382005 /* CreditManagerTests.swift in Sources */,
			);
			runOnlyForDeploymentPostprocessing = 0;
		};
		F8D134832A88D1D600382005 /* Sources */ = {
			isa = PBXSourcesBuildPhase;
			buildActionMask = 2147483647;
			files = (
				F8D1348C2A88D1D600382005 /* CreditManagerUITests.swift in Sources */,
				F8D1348E2A88D1D600382005 /* CreditManagerUITestsLaunchTests.swift in Sources */,
			);
			runOnlyForDeploymentPostprocessing = 0;
		};
/* End PBXSourcesBuildPhase section */

/* Begin PBXTargetDependency section */
		F8D1347F2A88D1D600382005 /* PBXTargetDependency */ = {
			isa = PBXTargetDependency;
			target = F8D134662A88D1D500382005 /* CreditManager */;
			targetProxy = F8D1347E2A88D1D600382005 /* PBXContainerItemProxy */;
		};
		F8D134892A88D1D600382005 /* PBXTargetDependency */ = {
			isa = PBXTargetDependency;
			target = F8D134662A88D1D500382005 /* CreditManager */;
			targetProxy = F8D134882A88D1D600382005 /* PBXContainerItemProxy */;
		};
/* End PBXTargetDependency section */

/* Begin PBXVariantGroup section */
		F8D134702A88D1D500382005 /* Main.storyboard */ = {
			isa = PBXVariantGroup;
			children = (
				F8D134712A88D1D500382005 /* Base */,
			);
			name = Main.storyboard;
			sourceTree = "<group>";
		};
		F8D134752A88D1D600382005 /* LaunchScreen.storyboard */ = {
			isa = PBXVariantGroup;
			children = (
				F8D134762A88D1D600382005 /* Base */,
			);
			name = LaunchScreen.storyboard;
			sourceTree = "<group>";
		};
/* End PBXVariantGroup section */

/* Begin XCBuildConfiguration section */
		F8D1348F2A88D1D600382005 /* Debug */ = {
			isa = XCBuildConfiguration;
			buildSettings = {
				ALWAYS_SEARCH_USER_PATHS = NO;
				CLANG_ANALYZER_NONNULL = YES;
				CLANG_ANALYZER_NUMBER_OBJECT_CONVERSION = YES_AGGRESSIVE;
				CLANG_CXX_LANGUAGE_STANDARD = "gnu++20";
				CLANG_ENABLE_MODULES = YES;
				CLANG_ENABLE_OBJC_ARC = YES;
				CLANG_ENABLE_OBJC_WEAK = YES;
				CLANG_WARN_BLOCK_CAPTURE_AUTORELEASING = YES;
				CLANG_WARN_BOOL_CONVERSION = YES;
				CLANG_WARN_COMMA = YES;
				CLANG_WARN_CONSTANT_CONVERSION = YES;
				CLANG_WARN_DEPRECATED_OBJC_IMPLEMENTATIONS = YES;
				CLANG_WARN_DIRECT_OBJC_ISA_USAGE = YES_ERROR;
				CLANG_WARN_DOCUMENTATION_COMMENTS = YES;
				CLANG_WARN_EMPTY_BODY = YES;
				CLANG_WARN_ENUM_CONVERSION = YES;
				CLANG_WARN_INFINITE_RECURSION = YES;
				CLANG_WARN_INT_CONVERSION = YES;
				CLANG_WARN_NON_LITERAL_NULL_CONVERSION = YES;
				CLANG_WARN_OBJC_IMPLICIT_RETAIN_SELF = YES;
				CLANG_WARN_OBJC_LITERAL_CONVERSION = YES;
				CLANG_WARN_OBJC_ROOT_CLASS = YES_ERROR;
				CLANG_WARN_QUOTED_INCLUDE_IN_FRAMEWORK_HEADER = YES;
				CLANG_WARN_RANGE_LOOP_ANALYSIS = YES;
				CLANG_WARN_STRICT_PROTOTYPES = YES;
				CLANG_WARN_SUSPICIOUS_MOVE = YES;
				CLANG_WARN_UNGUARDED_AVAILABILITY = YES_AGGRESSIVE;
				CLANG_WARN_UNREACHABLE_CODE = YES;
				CLANG_WARN__DUPLICATE_METHOD_MATCH = YES;
				COPY_PHASE_STRIP = NO;
				DEBUG_INFORMATION_FORMAT = dwarf;
				ENABLE_STRICT_OBJC_MSGSEND = YES;
				ENABLE_TESTABILITY = YES;
				GCC_C_LANGUAGE_STANDARD = gnu11;
				GCC_DYNAMIC_NO_PIC = NO;
				GCC_NO_COMMON_BLOCKS = YES;
				GCC_OPTIMIZATION_LEVEL = 0;
				GCC_PREPROCESSOR_DEFINITIONS = (
					"DEBUG=1",
					"$(inherited)",
				);
				GCC_WARN_64_TO_32_BIT_CONVERSION = YES;
				GCC_WARN_ABOUT_RETURN_TYPE = YES_ERROR;
				GCC_WARN_UNDECLARED_SELECTOR = YES;
				GCC_WARN_UNINITIALIZED_AUTOS = YES_AGGRESSIVE;
				GCC_WARN_UNUSED_FUNCTION = YES;
				GCC_WARN_UNUSED_VARIABLE = YES;
				IPHONEOS_DEPLOYMENT_TARGET = 16.4;
				MTL_ENABLE_DEBUG_INFO = INCLUDE_SOURCE;
				MTL_FAST_MATH = YES;
				ONLY_ACTIVE_ARCH = YES;
				SDKROOT = iphoneos;
				SWIFT_ACTIVE_COMPILATION_CONDITIONS = DEBUG;
				SWIFT_OPTIMIZATION_LEVEL = "-Onone";
			};
			name = Debug;
		};
		F8D134902A88D1D600382005 /* Release */ = {
			isa = XCBuildConfiguration;
			buildSettings = {
				ALWAYS_SEARCH_USER_PATHS = NO;
				CLANG_ANALYZER_NONNULL = YES;
				CLANG_ANALYZER_NUMBER_OBJECT_CONVERSION = YES_AGGRESSIVE;
				CLANG_CXX_LANGUAGE_STANDARD = "gnu++20";
				CLANG_ENABLE_MODULES = YES;
				CLANG_ENABLE_OBJC_ARC = YES;
				CLANG_ENABLE_OBJC_WEAK = YES;
				CLANG_WARN_BLOCK_CAPTURE_AUTORELEASING = YES;
				CLANG_WARN_BOOL_CONVERSION = YES;
				CLANG_WARN_COMMA = YES;
				CLANG_WARN_CONSTANT_CONVERSION = YES;
				CLANG_WARN_DEPRECATED_OBJC_IMPLEMENTATIONS = YES;
				CLANG_WARN_DIRECT_OBJC_ISA_USAGE = YES_ERROR;
				CLANG_WARN_DOCUMENTATION_COMMENTS = YES;
				CLANG_WARN_EMPTY_BODY = YES;
				CLANG_WARN_ENUM_CONVERSION = YES;
				CLANG_WARN_INFINITE_RECURSION = YES;
				CLANG_WARN_INT_CONVERSION = YES;
				CLANG_WARN_NON_LITERAL_NULL_CONVERSION = YES;
				CLANG_WARN_OBJC_IMPLICIT_RETAIN_SELF = YES;
				CLANG_WARN_OBJC_LITERAL_CONVERSION = YES;
				CLANG_WARN_OBJC_ROOT_CLASS = YES_ERROR;
				CLANG_WARN_QUOTED_INCLUDE_IN_FRAMEWORK_HEADER = YES;
				CLANG_WARN_RANGE_LOOP_ANALYSIS = YES;
				CLANG_WARN_STRICT_PROTOTYPES = YES;
				CLANG_WARN_SUSPICIOUS_MOVE = YES;
				CLANG_WARN_UNGUARDED_AVAILABILITY = YES_AGGRESSIVE;
				CLANG_WARN_UNREACHABLE_CODE = YES;
				CLANG_WARN__DUPLICATE_METHOD_MATCH = YES;
				COPY_PHASE_STRIP = NO;
				DEBUG_INFORMATION_FORMAT = "dwarf-with-dsym";
				ENABLE_NS_ASSERTIONS = NO;
				ENABLE_STRICT_OBJC_MSGSEND = YES;
				GCC_C_LANGUAGE_STANDARD = gnu11;
				GCC_NO_COMMON_BLOCKS = YES;
				GCC_WARN_64_TO_32_BIT_CONVERSION = YES;
				GCC_WARN_ABOUT_RETURN_TYPE = YES_ERROR;
				GCC_WARN_UNDECLARED_SELECTOR = YES;
				GCC_WARN_UNINITIALIZED_AUTOS = YES_AGGRESSIVE;
				GCC_WARN_UNUSED_FUNCTION = YES;
				GCC_WARN_UNUSED_VARIABLE = YES;
				IPHONEOS_DEPLOYMENT_TARGET = 16.4;
				MTL_ENABLE_DEBUG_INFO = NO;
				MTL_FAST_MATH = YES;
				SDKROOT = iphoneos;
				SWIFT_COMPILATION_MODE = wholemodule;
				SWIFT_OPTIMIZATION_LEVEL = "-O";
				VALIDATE_PRODUCT = YES;
			};
			name = Release;
		};
		F8D134922A88D1D600382005 /* Debug */ = {
			isa = XCBuildConfiguration;
			buildSettings = {
				ASSETCATALOG_COMPILER_APPICON_NAME = AppIcon;
				ASSETCATALOG_COMPILER_GLOBAL_ACCENT_COLOR_NAME = AccentColor;
				CODE_SIGN_STYLE = Automatic;
				CURRENT_PROJECT_VERSION = 1;
				DEVELOPMENT_TEAM = F6B4G47N7W;
				GENERATE_INFOPLIST_FILE = YES;
				INFOPLIST_FILE = CreditManager/Info.plist;
				INFOPLIST_KEY_UIApplicationSupportsIndirectInputEvents = YES;
				INFOPLIST_KEY_UILaunchStoryboardName = LaunchScreen;
				INFOPLIST_KEY_UIMainStoryboardFile = Main;
				INFOPLIST_KEY_UISupportedInterfaceOrientations_iPad = "UIInterfaceOrientationPortrait UIInterfaceOrientationPortraitUpsideDown UIInterfaceOrientationLandscapeLeft UIInterfaceOrientationLandscapeRight";
				INFOPLIST_KEY_UISupportedInterfaceOrientations_iPhone = "UIInterfaceOrientationPortrait UIInterfaceOrientationLandscapeLeft UIInterfaceOrientationLandscapeRight";
				IPHONEOS_DEPLOYMENT_TARGET = 15.1;
				LD_RUNPATH_SEARCH_PATHS = (
					"$(inherited)",
					"@executable_path/Frameworks",
				);
				MARKETING_VERSION = 1.0;
				PRODUCT_BUNDLE_IDENTIFIER = com.ritik.CreditManager;
				PRODUCT_NAME = "$(TARGET_NAME)";
				SWIFT_EMIT_LOC_STRINGS = YES;
				SWIFT_VERSION = 5.0;
				TARGETED_DEVICE_FAMILY = "1,2";
			};
			name = Debug;
		};
		F8D134932A88D1D600382005 /* Release */ = {
			isa = XCBuildConfiguration;
			buildSettings = {
				ASSETCATALOG_COMPILER_APPICON_NAME = AppIcon;
				ASSETCATALOG_COMPILER_GLOBAL_ACCENT_COLOR_NAME = AccentColor;
				CODE_SIGN_STYLE = Automatic;
				CURRENT_PROJECT_VERSION = 1;
				DEVELOPMENT_TEAM = F6B4G47N7W;
				GENERATE_INFOPLIST_FILE = YES;
				INFOPLIST_FILE = CreditManager/Info.plist;
				INFOPLIST_KEY_UIApplicationSupportsIndirectInputEvents = YES;
				INFOPLIST_KEY_UILaunchStoryboardName = LaunchScreen;
				INFOPLIST_KEY_UIMainStoryboardFile = Main;
				INFOPLIST_KEY_UISupportedInterfaceOrientations_iPad = "UIInterfaceOrientationPortrait UIInterfaceOrientationPortraitUpsideDown UIInterfaceOrientationLandscapeLeft UIInterfaceOrientationLandscapeRight";
				INFOPLIST_KEY_UISupportedInterfaceOrientations_iPhone = "UIInterfaceOrientationPortrait UIInterfaceOrientationLandscapeLeft UIInterfaceOrientationLandscapeRight";
				IPHONEOS_DEPLOYMENT_TARGET = 15.1;
				LD_RUNPATH_SEARCH_PATHS = (
					"$(inherited)",
					"@executable_path/Frameworks",
				);
				MARKETING_VERSION = 1.0;
				PRODUCT_BUNDLE_IDENTIFIER = com.ritik.CreditManager;
				PRODUCT_NAME = "$(TARGET_NAME)";
				SWIFT_EMIT_LOC_STRINGS = YES;
				SWIFT_VERSION = 5.0;
				TARGETED_DEVICE_FAMILY = "1,2";
			};
			name = Release;
		};
		F8D134952A88D1D600382005 /* Debug */ = {
			isa = XCBuildConfiguration;
			buildSettings = {
				ALWAYS_EMBED_SWIFT_STANDARD_LIBRARIES = YES;
				BUNDLE_LOADER = "$(TEST_HOST)";
				CODE_SIGN_STYLE = Automatic;
				CURRENT_PROJECT_VERSION = 1;
				DEVELOPMENT_TEAM = F6B4G47N7W;
				GENERATE_INFOPLIST_FILE = YES;
				IPHONEOS_DEPLOYMENT_TARGET = 16.4;
				MARKETING_VERSION = 1.0;
				PRODUCT_BUNDLE_IDENTIFIER = com.ritik.CreditManagerTests;
				PRODUCT_NAME = "$(TARGET_NAME)";
				SWIFT_EMIT_LOC_STRINGS = NO;
				SWIFT_VERSION = 5.0;
				TARGETED_DEVICE_FAMILY = "1,2";
				TEST_HOST = "$(BUILT_PRODUCTS_DIR)/CreditManager.app/$(BUNDLE_EXECUTABLE_FOLDER_PATH)/CreditManager";
			};
			name = Debug;
		};
		F8D134962A88D1D600382005 /* Release */ = {
			isa = XCBuildConfiguration;
			buildSettings = {
				ALWAYS_EMBED_SWIFT_STANDARD_LIBRARIES = YES;
				BUNDLE_LOADER = "$(TEST_HOST)";
				CODE_SIGN_STYLE = Automatic;
				CURRENT_PROJECT_VERSION = 1;
				DEVELOPMENT_TEAM = F6B4G47N7W;
				GENERATE_INFOPLIST_FILE = YES;
				IPHONEOS_DEPLOYMENT_TARGET = 16.4;
				MARKETING_VERSION = 1.0;
				PRODUCT_BUNDLE_IDENTIFIER = com.ritik.CreditManagerTests;
				PRODUCT_NAME = "$(TARGET_NAME)";
				SWIFT_EMIT_LOC_STRINGS = NO;
				SWIFT_VERSION = 5.0;
				TARGETED_DEVICE_FAMILY = "1,2";
				TEST_HOST = "$(BUILT_PRODUCTS_DIR)/CreditManager.app/$(BUNDLE_EXECUTABLE_FOLDER_PATH)/CreditManager";
			};
			name = Release;
		};
		F8D134982A88D1D600382005 /* Debug */ = {
			isa = XCBuildConfiguration;
			buildSettings = {
				ALWAYS_EMBED_SWIFT_STANDARD_LIBRARIES = YES;
				CODE_SIGN_STYLE = Automatic;
				CURRENT_PROJECT_VERSION = 1;
				DEVELOPMENT_TEAM = F6B4G47N7W;
				GENERATE_INFOPLIST_FILE = YES;
				MARKETING_VERSION = 1.0;
				PRODUCT_BUNDLE_IDENTIFIER = com.ritik.CreditManagerUITests;
				PRODUCT_NAME = "$(TARGET_NAME)";
				SWIFT_EMIT_LOC_STRINGS = NO;
				SWIFT_VERSION = 5.0;
				TARGETED_DEVICE_FAMILY = "1,2";
				TEST_TARGET_NAME = CreditManager;
			};
			name = Debug;
		};
		F8D134992A88D1D600382005 /* Release */ = {
			isa = XCBuildConfiguration;
			buildSettings = {
				ALWAYS_EMBED_SWIFT_STANDARD_LIBRARIES = YES;
				CODE_SIGN_STYLE = Automatic;
				CURRENT_PROJECT_VERSION = 1;
				DEVELOPMENT_TEAM = F6B4G47N7W;
				GENERATE_INFOPLIST_FILE = YES;
				MARKETING_VERSION = 1.0;
				PRODUCT_BUNDLE_IDENTIFIER = com.ritik.CreditManagerUITests;
				PRODUCT_NAME = "$(TARGET_NAME)";
				SWIFT_EMIT_LOC_STRINGS = NO;
				SWIFT_VERSION = 5.0;
				TARGETED_DEVICE_FAMILY = "1,2";
				TEST_TARGET_NAME = CreditManager;
			};
			name = Release;
		};
/* End XCBuildConfiguration section */

/* Begin XCConfigurationList section */
		F8D134622A88D1D500382005 /* Build configuration list for PBXProject "CreditManager" */ = {
			isa = XCConfigurationList;
			buildConfigurations = (
				F8D1348F2A88D1D600382005 /* Debug */,
				F8D134902A88D1D600382005 /* Release */,
			);
			defaultConfigurationIsVisible = 0;
			defaultConfigurationName = Release;
		};
		F8D134912A88D1D600382005 /* Build configuration list for PBXNativeTarget "CreditManager" */ = {
			isa = XCConfigurationList;
			buildConfigurations = (
				F8D134922A88D1D600382005 /* Debug */,
				F8D134932A88D1D600382005 /* Release */,
			);
			defaultConfigurationIsVisible = 0;
			defaultConfigurationName = Release;
		};
		F8D134942A88D1D600382005 /* Build configuration list for PBXNativeTarget "CreditManagerTests" */ = {
			isa = XCConfigurationList;
			buildConfigurations = (
				F8D134952A88D1D600382005 /* Debug */,
				F8D134962A88D1D600382005 /* Release */,
			);
			defaultConfigurationIsVisible = 0;
			defaultConfigurationName = Release;
		};
		F8D134972A88D1D600382005 /* Build configuration list for PBXNativeTarget "CreditManagerUITests" */ = {
			isa = XCConfigurationList;
			buildConfigurations = (
				F8D134982A88D1D600382005 /* Debug */,
				F8D134992A88D1D600382005 /* Release */,
			);
			defaultConfigurationIsVisible = 0;
			defaultConfigurationName = Release;
		};
/* End XCConfigurationList section */
	};
	rootObject = F8D1345F2A88D1D500382005 /* Project object */;
}
